{
    "hash": "9d409f88b4ee01bb3837d5dff4be65c5",
    "packages": [
        {
            "name": "guzzle/guzzle",
            "version": "v3.3.0",
            "source": {
                "type": "git",
                "url": "https://github.com/guzzle/guzzle.git",
                "reference": "v3.3.0"
            },
            "dist": {
                "type": "zip",
                "url": "https://api.github.com/repos/guzzle/guzzle/zipball/v3.3.0",
                "reference": "v3.3.0",
                "shasum": ""
            },
            "require": {
                "php": ">=5.3.2",
                "ext-curl": "*",
                "symfony/event-dispatcher": ">=2.1"
            },
            "replace": {
                "guzzle/batch": "self.version",
                "guzzle/cache": "self.version",
                "guzzle/common": "self.version",
                "guzzle/http": "self.version",
                "guzzle/inflection": "self.version",
                "guzzle/iterator": "self.version",
                "guzzle/log": "self.version",
                "guzzle/parser": "self.version",
                "guzzle/plugin": "self.version",
                "guzzle/plugin-async": "self.version",
                "guzzle/plugin-backoff": "self.version",
                "guzzle/plugin-cache": "self.version",
                "guzzle/plugin-cookie": "self.version",
                "guzzle/plugin-curlauth": "self.version",
                "guzzle/plugin-error-response": "self.version",
                "guzzle/plugin-history": "self.version",
                "guzzle/plugin-log": "self.version",
                "guzzle/plugin-md5": "self.version",
                "guzzle/plugin-mock": "self.version",
                "guzzle/plugin-oauth": "self.version",
                "guzzle/service": "self.version",
                "guzzle/stream": "self.version"
            },
            "require-dev": {
                "doctrine/cache": "*",
                "symfony/class-loader": "*",
                "monolog/monolog": "1.*",
                "zendframework/zend-cache": "2.0.*",
                "zendframework/zend-log": "2.0.*",
                "zend/zend-log1": "1.12",
                "zend/zend-cache1": "1.12",
                "phpunit/phpunit": "3.7.*"
            },
            "time": "2013-03-04 00:41:45",
            "type": "library",
            "extra": {
                "branch-alias": {
                    "dev-master": "3.2-dev"
                }
            },
            "autoload": {
                "psr-0": {
                    "Guzzle\\Tests": "tests/",
                    "Guzzle": "src/"
                }
            },
            "notification-url": "https://packagist.org/downloads/",
            "license": [
                "MIT"
            ],
            "authors": [
                {
                    "name": "Michael Dowling",
                    "email": "mtdowling@gmail.com",
                    "homepage": "https://github.com/mtdowling"
                },
                {
                    "name": "Guzzle Community",
                    "homepage": "https://github.com/guzzle/guzzle/contributors"
                }
            ],
            "description": "Guzzle is a PHP HTTP client library and framework for building RESTful web service clients",
            "homepage": "http://guzzlephp.org/",
            "keywords": [
                "framework",
                "curl",
                "http",
                "rest",
                "http client",
                "client",
                "web service"
            ]
        },
        {
            "name": "symfony/event-dispatcher",
            "version": "v2.2.0",
            "target-dir": "Symfony/Component/EventDispatcher",
            "source": {
                "type": "git",
                "url": "https://github.com/symfony/EventDispatcher.git",
                "reference": "v2.2.0-RC3"
            },
            "dist": {
                "type": "zip",
                "url": "https://api.github.com/repos/symfony/EventDispatcher/zipball/v2.2.0-RC3",
                "reference": "v2.2.0-RC3",
                "shasum": ""
            },
            "require": {
                "php": ">=5.3.3"
            },
            "require-dev": {
                "symfony/dependency-injection": ">=2.0,<3.0"
            },
            "suggest": {
                "symfony/dependency-injection": "2.2.*",
                "symfony/http-kernel": "2.2.*"
            },
            "time": "2013-02-11 11:26:43",
            "type": "library",
            "extra": {
                "branch-alias": {
                    "dev-master": "2.2-dev"
                }
            },
            "autoload": {
                "psr-0": {
                    "Symfony\\Component\\EventDispatcher\\": ""
                }
            },
            "notification-url": "https://packagist.org/downloads/",
            "license": [
                "MIT"
            ],
            "authors": [
                {
                    "name": "Fabien Potencier",
                    "email": "fabien@symfony.com"
                },
                {
                    "name": "Symfony Community",
                    "homepage": "http://symfony.com/contributors"
                }
            ],
            "description": "Symfony EventDispatcher Component",
            "homepage": "http://symfony.com"
        },
        {
            "name": "unilincoln-ost/nucleus-php",
            "version": "0.7.4",
            "source": {
                "type": "git",
                "url": "https://github.com/unilincoln-ost/nucleus-php.git",
                "reference": "0.7.4"
            },
            "dist": {
                "type": "zip",
                "url": "https://api.github.com/repos/unilincoln-ost/nucleus-php/zipball/0.7.4",
                "reference": "0.7.4",
                "shasum": ""
            },
            "require": {
                "php": ">=5.3.0",
                "guzzle/guzzle": ">=3.2,<4.0"
            },
            "time": "2013-03-04 10:25:14",
            "type": "library",
            "autoload": {
                "psr-0": {
                    "Nucleus": "src"
                }
            },
            "notification-url": "https://packagist.org/downloads/",
            "license": [
                "MIT"
            ],
            "authors": [
                {
                    "name": "Alex Bilbie",
                    "email": "abilbie@lincoln.ac.uk",
                    "homepage": "http://staff.lincoln.ac.uk/abilbie",
                    "role": "Developer"
                },
                {
                    "name": "Nick Jackson",
                    "email": "nijackson@lincoln.ac.uk",
                    "homepage": "http://staff.lincoln.ac.uk/nijackson",
                    "role": "Developer"
                },
                {
                    "name": "Jamie Mahoney",
                    "email": "jmahoney@lincoln.ac.uk",
                    "homepage": "http://staff.lincoln.ac.uk/jmahoney",
                    "role": "Developer"
                },
                {
                    "name": "Harry Newton",
                    "email": "hnewton@lincoln.ac.uk",
                    "homepage": "http://staff.lincoln.ac.uk/hnewton",
                    "role": "Developer"
                }
            ],
            "description": "Library for integrating with the University of Lincoln's Nucleus data platform."
        }
    ],
    "packages-dev": null,
    "aliases": [

    ],
    "minimum-stability": "stable",
    "stability-flags": [

    ]
}
